
Microsoft Visual Studio Solution File, Format Version 12.00
# Visual Studio Version 16
VisualStudioVersion = 16.0.30204.135
MinimumVisualStudioVersion = 15.0.26124.0
Project("{9A19103F-16F7-4668-BE54-9A1E7A4F7556}") = "CampaignManager.Api", "src\api\CampaignManager.Api.csproj", "{BEC50343-73B3-4A0C-A0A8-648C63FA7501}"
EndProject
Project("{9A19103F-16F7-4668-BE54-9A1E7A4F7556}") = "CampaignManager.Models", "lib\Models\CampaignManager.Models.csproj", "{A4326E6F-D3D1-4EF9-BA61-660D15ECB711}"
EndProject
Global
	GlobalSection(SolutionConfigurationPlatforms) = preSolution
		Debug|Any CPU = Debug|Any CPU
		Debug|x64 = Debug|x64
		Debug|x86 = Debug|x86
		Release|Any CPU = Release|Any CPU
		Release|x64 = Release|x64
		Release|x86 = Release|x86
	EndGlobalSection
	GlobalSection(ProjectConfigurationPlatforms) = postSolution
		{BEC50343-73B3-4A0C-A0A8-648C63FA7501}.Debug|Any CPU.ActiveCfg = Debug|Any CPU
		{BEC50343-73B3-4A0C-A0A8-648C63FA7501}.Debug|Any CPU.Build.0 = Debug|Any CPU
		{BEC50343-73B3-4A0C-A0A8-648C63FA7501}.Debug|x64.ActiveCfg = Debug|Any CPU
		{BEC50343-73B3-4A0C-A0A8-648C63FA7501}.Debug|x64.Build.0 = Debug|Any CPU
		{BEC50343-73B3-4A0C-A0A8-648C63FA7501}.Debug|x86.ActiveCfg = Debug|Any CPU
		{BEC50343-73B3-4A0C-A0A8-648C63FA7501}.Debug|x86.Build.0 = Debug|Any CPU
		{BEC50343-73B3-4A0C-A0A8-648C63FA7501}.Release|Any CPU.ActiveCfg = Release|Any CPU
		{BEC50343-73B3-4A0C-A0A8-648C63FA7501}.Release|Any CPU.Build.0 = Release|Any CPU
		{BEC50343-73B3-4A0C-A0A8-648C63FA7501}.Release|x64.ActiveCfg = Release|Any CPU
		{BEC50343-73B3-4A0C-A0A8-648C63FA7501}.Release|x64.Build.0 = Release|Any CPU
		{BEC50343-73B3-4A0C-A0A8-648C63FA7501}.Release|x86.ActiveCfg = Release|Any CPU
		{BEC50343-73B3-4A0C-A0A8-648C63FA7501}.Release|x86.Build.0 = Release|Any CPU
		{A4326E6F-D3D1-4EF9-BA61-660D15ECB711}.Debug|Any CPU.ActiveCfg = Debug|Any CPU
		{A4326E6F-D3D1-4EF9-BA61-660D15ECB711}.Debug|Any CPU.Build.0 = Debug|Any CPU
		{A4326E6F-D3D1-4EF9-BA61-660D15ECB711}.Debug|x64.ActiveCfg = Debug|Any CPU
		{A4326E6F-D3D1-4EF9-BA61-660D15ECB711}.Debug|x64.Build.0 = Debug|Any CPU
		{A4326E6F-D3D1-4EF9-BA61-660D15ECB711}.Debug|x86.ActiveCfg = Debug|Any CPU
		{A4326E6F-D3D1-4EF9-BA61-660D15ECB711}.Debug|x86.Build.0 = Debug|Any CPU
		{A4326E6F-D3D1-4EF9-BA61-660D15ECB711}.Release|Any CPU.ActiveCfg = Release|Any CPU
		{A4326E6F-D3D1-4EF9-BA61-660D15ECB711}.Release|Any CPU.Build.0 = Release|Any CPU
		{A4326E6F-D3D1-4EF9-BA61-660D15ECB711}.Release|x64.ActiveCfg = Release|Any CPU
		{A4326E6F-D3D1-4EF9-BA61-660D15ECB711}.Release|x64.Build.0 = Release|Any CPU
		{A4326E6F-D3D1-4EF9-BA61-660D15ECB711}.Release|x86.ActiveCfg = Release|Any CPU
		{A4326E6F-D3D1-4EF9-BA61-660D15ECB711}.Release|x86.Build.0 = Release|Any CPU
	EndGlobalSection
	GlobalSection(SolutionProperties) = preSolution
		HideSolutionNode = FALSE
	EndGlobalSection
	GlobalSection(ExtensibilityGlobals) = postSolution
		SolutionGuid = {4395EA34-2C39-4771-9C15-7B776DEDE43D}
	EndGlobalSection
EndGlobal
